
Microsoft Visual Studio Solution File, Format Version 12.00
# Visual Studio Version 17
VisualStudioVersion = 17.8.34525.116
MinimumVisualStudioVersion = 10.0.40219.1
Project("{9A19103F-16F7-4668-BE54-9A1E7A4F7556}") = "Specpoint.Revit", "Specpoint.Revit.csproj", "{4122F0F0-9EE5-4DFB-965F-3FC70B82E61D}"
EndProject
Global
	GlobalSection(SolutionConfigurationPlatforms) = preSolution
		Debug|Any CPU = Debug|Any CPU
		Release|Any CPU = Release|Any CPU
	EndGlobalSection
	GlobalSection(ProjectConfigurationPlatforms) = postSolution
		{4122F0F0-9EE5-4DFB-965F-3FC70B82E61D}.Debug|Any CPU.ActiveCfg = Debug|Any CPU
		{4122F0F0-9EE5-4DFB-965F-3FC70B82E61D}.Debug|Any CPU.Build.0 = Debug|Any CPU
		{4122F0F0-9EE5-4DFB-965F-3FC70B82E61D}.Release|Any CPU.ActiveCfg = Release|Any CPU
		{4122F0F0-9EE5-4DFB-965F-3FC70B82E61D}.Release|Any CPU.Build.0 = Release|Any CPU
	EndGlobalSection
	GlobalSection(SolutionProperties) = preSolution
		HideSolutionNode = FALSE
	EndGlobalSection
	GlobalSection(ExtensibilityGlobals) = postSolution
		SolutionGuid = {1688CB4D-1256-4506-B74E-0A1B9539B900}
	EndGlobalSection
EndGlobal
